
Microsoft Visual Studio Solution File, Format Version 12.00
# Visual Studio Version 16
VisualStudioVersion = 16.0.29709.97
MinimumVisualStudioVersion = 10.0.40219.1
Project("{FAE04EC0-301F-11D3-BF4B-00C04F79EFBC}") = "Northwind_MvcUI", "Northwind_MvcUI\Northwind_MvcUI.csproj", "{B6D54EE4-A3F4-43E5-A411-A023026B03FB}"
EndProject
Project("{FAE04EC0-301F-11D3-BF4B-00C04F79EFBC}") = "Northwind_Entities", "Northwind_Entities\Northwind_Entities.csproj", "{81090409-4909-4130-90D4-2344B6D99DC9}"
EndProject
Project("{FAE04EC0-301F-11D3-BF4B-00C04F79EFBC}") = "Northwind_DataAccess", "Northwind_DataAccess\Northwind_DataAccess.csproj", "{71851295-7539-4F1A-A550-72B56E1CF3A3}"
EndProject
Project("{FAE04EC0-301F-11D3-BF4B-00C04F79EFBC}") = "Northwind_Business", "Northwind_Business\Northwind_Business.csproj", "{BB400415-1D2C-4DB1-A1ED-ADEBADCFFD19}"
EndProject
Global
	GlobalSection(SolutionConfigurationPlatforms) = preSolution
		Debug|Any CPU = Debug|Any CPU
		Release|Any CPU = Release|Any CPU
	EndGlobalSection
	GlobalSection(ProjectConfigurationPlatforms) = postSolution
		{B6D54EE4-A3F4-43E5-A411-A023026B03FB}.Debug|Any CPU.ActiveCfg = Debug|Any CPU
		{B6D54EE4-A3F4-43E5-A411-A023026B03FB}.Debug|Any CPU.Build.0 = Debug|Any CPU
		{B6D54EE4-A3F4-43E5-A411-A023026B03FB}.Release|Any CPU.ActiveCfg = Release|Any CPU
		{B6D54EE4-A3F4-43E5-A411-A023026B03FB}.Release|Any CPU.Build.0 = Release|Any CPU
		{81090409-4909-4130-90D4-2344B6D99DC9}.Debug|Any CPU.ActiveCfg = Debug|Any CPU
		{81090409-4909-4130-90D4-2344B6D99DC9}.Debug|Any CPU.Build.0 = Debug|Any CPU
		{81090409-4909-4130-90D4-2344B6D99DC9}.Release|Any CPU.ActiveCfg = Release|Any CPU
		{81090409-4909-4130-90D4-2344B6D99DC9}.Release|Any CPU.Build.0 = Release|Any CPU
		{71851295-7539-4F1A-A550-72B56E1CF3A3}.Debug|Any CPU.ActiveCfg = Debug|Any CPU
		{71851295-7539-4F1A-A550-72B56E1CF3A3}.Debug|Any CPU.Build.0 = Debug|Any CPU
		{71851295-7539-4F1A-A550-72B56E1CF3A3}.Release|Any CPU.ActiveCfg = Release|Any CPU
		{71851295-7539-4F1A-A550-72B56E1CF3A3}.Release|Any CPU.Build.0 = Release|Any CPU
		{BB400415-1D2C-4DB1-A1ED-ADEBADCFFD19}.Debug|Any CPU.ActiveCfg = Debug|Any CPU
		{BB400415-1D2C-4DB1-A1ED-ADEBADCFFD19}.Debug|Any CPU.Build.0 = Debug|Any CPU
		{BB400415-1D2C-4DB1-A1ED-ADEBADCFFD19}.Release|Any CPU.ActiveCfg = Release|Any CPU
		{BB400415-1D2C-4DB1-A1ED-ADEBADCFFD19}.Release|Any CPU.Build.0 = Release|Any CPU
	EndGlobalSection
	GlobalSection(SolutionProperties) = preSolution
		HideSolutionNode = FALSE
	EndGlobalSection
	GlobalSection(ExtensibilityGlobals) = postSolution
		SolutionGuid = {FF2979BB-B881-4C4A-8F19-3C9C84DA57DA}
	EndGlobalSection
EndGlobal
